{
  "lockfileVersion": 2,
  "configVersion": 0,
  "workspaces": {
    "": {
      "name": "lx-music-sync-server",
      "dependencies": {
        "@foobar404/wave": "^2.0.5",
        "archiver": "^8.0.0",
        "brace-expansion": "^5.0.9",
        "file-type": "^22.0.2",
        "formidable": "^3.5.4",
        "log4js": "^6.9.1",
        "lru-cache": "^11.5.2",
        "message2call": "0.1.3",
        "music-tag-native": "^0.2.5",
        "needle": "^3.3.1",
        "socks-proxy-agent": "^10.1.0",
        "tunnel": "^0.0.6",
        "unzipper": "^0.12.5",
        "vm2": "^3.12.1",
        "webdav": "^5.9.0",
      },
      "devDependencies": {
        "@types/archiver": "^8.0.0",
        "@types/bun": "latest",
        "@types/formidable": "^3.5.1",
        "@types/needle": "^3.3.0",
        "@types/tunnel": "^0.0.7",
        "@types/unzipper": "^0.10.11",
        "@types/ws": "^8.18.1",
        "chalk": "^4.1.2",
        "changelog-parser": "^4.1.0",
        "typescript": "^7.0.2",
      },
    },
  },
  "packages": {
    "@borewit/text-codec": ["@borewit/text-codec@0.2.2", "https://registry.npmmirror.com/@borewit/text-codec/-/text-codec-0.2.2.tgz", {}, "sha512-DDaRehssg1aNrH4+2hnj1B7vnUGEjU6OIlyRdkMd0aUdIUvKXrJfXsy8LVtXAy7DRvYVluWbMspsRhz2lcW0mQ=="],

    "@buttercup/fetch": ["@buttercup/fetch@0.2.1", "https://registry.npmmirror.com/@buttercup/fetch/-/fetch-0.2.1.tgz", { "optionalDependencies": { "node-fetch": "^3.3.0" } }, "sha512-sCgECOx8wiqY8NN1xN22BqqKzXYIG2AicNLlakOAI4f0WgyLVUbAigMf8CZhBtJxdudTcB1gD5lciqi44jwJvg=="],

    "@emnapi/core": ["@emnapi/core@1.11.2", "", { "dependencies": { "@emnapi/wasi-threads": "1.2.2", "tslib": "^2.4.0" } }, "sha512-TC8MkTuZUtcTSiFeuC0ksCh9QIJ5+F21MvZ4Wn4ORfYaFJ/0dsiudv5tVkejgwZlwQ39jL9WWDe2lz8x0WglOA=="],

    "@emnapi/runtime": ["@emnapi/runtime@1.11.2", "", { "dependencies": { "tslib": "^2.4.0" } }, "sha512-kyOl3X0DuTiT1h2ft8r2fYO8JYtU9a9Xis/zBSiGArNaagCOWx90N1k2wxp18czFDH+OgcWGb5ZP/XMt3dcyPA=="],

    "@emnapi/wasi-threads": ["@emnapi/wasi-threads@1.2.2", "", { "dependencies": { "tslib": "^2.4.0" } }, "sha512-c95qOXkHdydNKhscBTebqEC1CVAZpyqOfVfBzQ1qgzyl3gfeldUjIggDbIZgDKsHLgnsM+igH7TJ/eAasaVuMA=="],

    "@foobar404/wave": ["@foobar404/wave@2.0.5", "https://registry.npmmirror.com/@foobar404/wave/-/wave-2.0.5.tgz", {}, "sha512-V/ydadtv5ObCw8aEg+Qy3YSq1eyinEWzJfRI43Ovmj7VmAvEdWAdL7MatoMbiIVYPATkNDVF7GOxX1xirxM9dA=="],

    "@napi-rs/wasm-runtime": ["@napi-rs/wasm-runtime@1.1.6", "", { "dependencies": { "@tybys/wasm-util": "^0.10.3" }, "peerDependencies": { "@emnapi/core": "^1.7.1", "@emnapi/runtime": "^1.7.1" } }, "sha512-ZLv/JdUfkvOy9eCnnBaGfiO+XimbjebAeO+MRQqD/B+FR1tnRN0tpKSJHRbE8sFfS6aqsXZ67TQjfwfsxULVbg=="],

    "@noble/hashes": ["@noble/hashes@1.8.0", "https://registry.npmmirror.com/@noble/hashes/-/hashes-1.8.0.tgz", {}, "sha512-jCs9ldd7NwzpgXDIf6P3+NrHh9/sD6CQdxHyjQI+h/6rDNo88ypBxxz45UDuZHz9r3tNz7N/VInSVoVdtXEI4A=="],

    "@nodable/entities": ["@nodable/entities@2.1.0", "https://registry.npmmirror.com/@nodable/entities/-/entities-2.1.0.tgz", {}, "sha512-nyT7T3nbMyBI/lvr6L5TyWbFJAI9FTgVRakNoBqCD+PmID8DzFrrNdLLtHMwMszOtqZa8PAOV24ZqDnQrhQINA=="],

    "@paralleldrive/cuid2": ["@paralleldrive/cuid2@2.3.1", "https://registry.npmmirror.com/@paralleldrive/cuid2/-/cuid2-2.3.1.tgz", { "dependencies": { "@noble/hashes": "^1.1.5" } }, "sha512-XO7cAxhnTZl0Yggq6jOgjiOHhbgcO4NqFqwSmQpjK3b6TEE6Uj/jfSk6wzYyemh3+I0sHirKSetjQwn5cZktFw=="],

    "@tokenizer/inflate": ["@tokenizer/inflate@0.4.1", "https://registry.npmmirror.com/@tokenizer/inflate/-/inflate-0.4.1.tgz", { "dependencies": { "debug": "^4.4.3", "token-types": "^6.1.1" } }, "sha512-2mAv+8pkG6GIZiF1kNg1jAjh27IDxEPKwdGul3snfztFerfPGI1LjDezZp3i7BElXompqEtPmoPx6c2wgtWsOA=="],

    "@tokenizer/token": ["@tokenizer/token@0.3.0", "https://registry.npmmirror.com/@tokenizer/token/-/token-0.3.0.tgz", {}, "sha512-OvjF+z51L3ov0OyAU0duzsYuvO01PH7x4t6DJx+guahgTnBHkhJdG7soQeTSFLWN3efnHyibZ4Z8l2EuWwJN3A=="],

    "@tybys/wasm-util": ["@tybys/wasm-util@0.10.3", "", { "dependencies": { "tslib": "^2.4.0" } }, "sha512-F3fo1MYrRJYL3zER0OUOmkutjr1Vp23m7OsSgp7nq4SP6OqX6C/56XFIPAl5bt3zaBRjmW7SGz3u/6LwFpYcOg=="],

    "@types/archiver": ["@types/archiver@8.0.0", "", { "dependencies": { "@types/node": "*", "@types/readdir-glob": "*" } }, "sha512-YpXPbEuv9+eUIPPQWUPahj3cvs9isWRuF+J4z+KbdYVDO3rWorWQFxUVHnwPu2AgKwvgpki5F2VMX0Xx+mX45A=="],

    "@types/bun": ["@types/bun@1.4.1", "", { "dependencies": { "bun-types": "1.4.1" } }, "sha512-0AVGiTXGajf1rgKom3N+c5L7CBxuoyyv1i44M0nX4UDK0G/fnRAMiri93nHuVPIb429KKtAgj7HatVmmOjeQLA=="],

    "@types/formidable": ["@types/formidable@3.5.1", "https://registry.npmmirror.com/@types/formidable/-/formidable-3.5.1.tgz", { "dependencies": { "@types/node": "*" } }, "sha512-aFQijSGbD8JCeEST2LEbwR7faHynbt43lojLIcTM/QhB2U06h41ZVRFVEql+Z1xdL+aKGIzm69V/P/uSW9N6XA=="],

    "@types/needle": ["@types/needle@3.3.0", "https://registry.npmmirror.com/@types/needle/-/needle-3.3.0.tgz", { "dependencies": { "@types/node": "*" } }, "sha512-UFIuc1gdyzAqeVUYpSL+cliw2MmU/ZUhVZKE7Zo4wPbgc8hbljeKSnn6ls6iG8r5jpegPXLUIhJ+Wb2kLVs8cg=="],

    "@types/node": ["@types/node@25.6.0", "https://registry.npmmirror.com/@types/node/-/node-25.6.0.tgz", { "dependencies": { "undici-types": "~7.19.0" } }, "sha512-+qIYRKdNYJwY3vRCZMdJbPLJAtGjQBudzZzdzwQYkEPQd+PJGixUL5QfvCLDaULoLv+RhT3LDkwEfKaAkgSmNQ=="],

    "@types/readdir-glob": ["@types/readdir-glob@1.1.5", "https://registry.npmmirror.com/@types/readdir-glob/-/readdir-glob-1.1.5.tgz", { "dependencies": { "@types/node": "*" } }, "sha512-raiuEPUYqXu+nvtY2Pe8s8FEmZ3x5yAH4VkLdihcPdalvsHltomrRC9BzuStrJ9yk06470hS0Crw0f1pXqD+Hg=="],

    "@types/tunnel": ["@types/tunnel@0.0.7", "https://registry.npmmirror.com/@types/tunnel/-/tunnel-0.0.7.tgz", { "dependencies": { "@types/node": "*" } }, "sha512-VYKjZSmb2PvUwXoux4Gy4LAk7kzOB1ktkjyL4lxvpkqL2adgR+Qrh/yFyWluvJgIXWFicqs7XuzPI2NbTO/r3Q=="],

    "@types/unzipper": ["@types/unzipper@0.10.11", "https://registry.npmmirror.com/@types/unzipper/-/unzipper-0.10.11.tgz", { "dependencies": { "@types/node": "*" } }, "sha512-D25im2zjyMCcgL9ag6N46+wbtJBnXIr7SI4zHf9eJD2Dw2tEB5e+p5MYkrxKIVRscs5QV0EhtU9rgXSPx90oJg=="],

    "@types/ws": ["@types/ws@8.18.1", "", { "dependencies": { "@types/node": "*" } }, "sha512-ThVF6DCVhA8kUGy+aazFQ4kXQ7E1Ty7A3ypFOe0IcJV8O/M511G99AW24irKrW56Wt44yG9+ij8FaqoBGkuBXg=="],

    "@typescript/typescript-aix-ppc64": ["@typescript/typescript-aix-ppc64@7.0.2", "", { "os": "aix", "cpu": "ppc64" }, "sha512-MTKKkWB7p/0E9xi1d1tHtZ5PiLkGEMIq88pK2CubZjOsLtYTLqhgIgi6zepFa+9GHZ6h05NMCkQxGKiPXMxXtQ=="],

    "@typescript/typescript-darwin-arm64": ["@typescript/typescript-darwin-arm64@7.0.2", "", { "os": "darwin", "cpu": "arm64" }, "sha512-gowzar9MwS/aRWp6f3a4KUqzRjAZjOsmGNCM6LcTgXum+dBfgsBVMN+AgvOCCbguXyick6LJhpBszxMebJ8syA=="],

    "@typescript/typescript-darwin-x64": ["@typescript/typescript-darwin-x64@7.0.2", "", { "os": "darwin", "cpu": "x64" }, "sha512-SZ9xZInqApNlNGc9s0W1VSsktYSOe9cFqNOIqmN1Gs8SmkjKZYFt017G4VwPxASInODuAdbTW7sXiFUf893RgA=="],

    "@typescript/typescript-freebsd-arm64": ["@typescript/typescript-freebsd-arm64@7.0.2", "", { "os": "freebsd", "cpu": "arm64" }, "sha512-W5NH4y/J0plIIS5b2xvTEkU7JFxyqdMAOgf+Ilhl0vHQXKO5dZoxd+C/jEtq56c4F3wk71RB4BMRQ2XdI+bwYQ=="],

    "@typescript/typescript-freebsd-x64": ["@typescript/typescript-freebsd-x64@7.0.2", "", { "os": "freebsd", "cpu": "x64" }, "sha512-UMGDx5sTpzNw3WiPebH7l90IWfJggEd+egHt/q6p7/Cm3zqoV7VxkGXt+3DxPIw8CcmvAB0j3sVVfbhX+M4Tpw=="],

    "@typescript/typescript-linux-arm": ["@typescript/typescript-linux-arm@7.0.2", "", { "os": "linux", "cpu": "arm" }, "sha512-gffT3xPz9sR7j/YJExkyPntrI0P2EP9XbOyWzth2/Gs0RstK+90RBcO0ncXoXy/beYll1SXw846Nf2zdnEz0QQ=="],

    "@typescript/typescript-linux-arm64": ["@typescript/typescript-linux-arm64@7.0.2", "", { "os": "linux", "cpu": "arm64" }, "sha512-Qh4eU4/y3yDjnfjjyPYihMj5/ODIlmt+Bzu17OI+fiSRDW57QmU5SiN63exPRNJPKUzcc1INa1NXdrJ+MqHjUQ=="],

    "@typescript/typescript-linux-loong64": ["@typescript/typescript-linux-loong64@7.0.2", "", { "os": "linux", "cpu": "none" }, "sha512-uEHck9i8hoAzXPiYRib1O7miOnz23SxIeVl6F4LXox+qov1K35jHcEW6VHKvZI+pyvl7fZEP4MCU5LYvIq1GuQ=="],

    "@typescript/typescript-linux-mips64el": ["@typescript/typescript-linux-mips64el@7.0.2", "", { "os": "linux", "cpu": "none" }, "sha512-R4KvAMnE43W5Qeqb0Ly56O3mWMWIAgsMyz36DCaycd5nbg/9kzm0liw3JocfRqyJY0KPmzFjbswozXyW0DnIYA=="],

    "@typescript/typescript-linux-ppc64": ["@typescript/typescript-linux-ppc64@7.0.2", "", { "os": "linux", "cpu": "ppc64" }, "sha512-DORx5b3sd/4S7eayxm4FQv+A7CrkUIGRaHiwI8oiHTAI1fAPWhF4J0vAlkC8biAlHSVVwxMQ3tjZ2/DVbnQiiA=="],

    "@typescript/typescript-linux-riscv64": ["@typescript/typescript-linux-riscv64@7.0.2", "", { "os": "linux", "cpu": "none" }, "sha512-wf0jqEDOjrPRnKwYRyyJDRo11KMbvMFrU+q4zqKyChODBzvlkbhNQfKvLxQCcwTpdDaXSHZTVuh0JoCrKCUMHQ=="],

    "@typescript/typescript-linux-s390x": ["@typescript/typescript-linux-s390x@7.0.2", "", { "os": "linux", "cpu": "s390x" }, "sha512-IkwJc3L7yhytWd/ewjyxNDfOmswCm9GWMJT/ue/dU4aZNbwZeYAetq42VyLmsmSjvoX7z74X6ZaYCtzAr0EuGw=="],

    "@typescript/typescript-linux-x64": ["@typescript/typescript-linux-x64@7.0.2", "", { "os": "linux", "cpu": "x64" }, "sha512-EYdf2cNg7rgCWJnxCdJ+F3V39O8ihb37eHAu1LK8oAFizgTQbPOK7zHHXbPt8rX24COqODXeI3sIf0fCXG7H/A=="],

    "@typescript/typescript-netbsd-arm64": ["@typescript/typescript-netbsd-arm64@7.0.2", "", { "os": "none", "cpu": "arm64" }, "sha512-+polYF4MF04aPpO5FTkHran9yUQDSXqy5GiSDKpsll5jy3l3+g9QLhpf39T+ePtefhXLOGrLl0QIjkQP6VnelA=="],

    "@typescript/typescript-netbsd-x64": ["@typescript/typescript-netbsd-x64@7.0.2", "", { "os": "none", "cpu": "x64" }, "sha512-8YIT0EHM/3dq10ZOVF/A7pc/YSMtbcecct4rWtexrnSCHOPcpC2KTLXfTCR6vDpnSiY12heNb1GiN/wu+T/FyA=="],

    "@typescript/typescript-openbsd-arm64": ["@typescript/typescript-openbsd-arm64@7.0.2", "", { "os": "openbsd", "cpu": "arm64" }, "sha512-APT8+ClYnuYm1u9+kgGXoMj2VzWzcymwh2gNSQVySHfkRDGOTVkoWLjCmOQSaO+PoqQ57B0flRp9SA+7GnnkzQ=="],

    "@typescript/typescript-openbsd-x64": ["@typescript/typescript-openbsd-x64@7.0.2", "", { "os": "openbsd", "cpu": "x64" }, "sha512-yX7s+Q0Dln0Dt9tEzZsAjXXR/+ytBM7AlglaqyeMPxQszJ1JhlJdZ6jLA+IzldHtflX81em7lDao1xXu+aRRkg=="],

    "@typescript/typescript-sunos-x64": ["@typescript/typescript-sunos-x64@7.0.2", "", { "os": "sunos", "cpu": "x64" }, "sha512-dLJDGaLZ1D4HPQn62u1n8mBDkJREwMsAkCdkwd4Ieqw+x3TUyTsqY0YiBCtE6H6OzzgGk3iuZ3vFWRS+E8/d1g=="],

    "@typescript/typescript-win32-arm64": ["@typescript/typescript-win32-arm64@7.0.2", "", { "os": "win32", "cpu": "arm64" }, "sha512-Gyl1Vy6OsWesLzmq+EP0Fb7b4Nid5232AvcA2SFcdYreldpNtYFFofPjnt62y9hQy7VTaZp65ICJjuAQRaVcIQ=="],

    "@typescript/typescript-win32-x64": ["@typescript/typescript-win32-x64@7.0.2", "", { "os": "win32", "cpu": "x64" }, "sha512-0BQ3HkAHHlKLSp1qRvf3SUhGpGsDuhB/jgFw75guyqbxJqEaS0Cw/VFO8i2nHglJUzQCRtMMR/IBAKE3ETMC4g=="],

    "abort-controller": ["abort-controller@3.0.0", "", { "dependencies": { "event-target-shim": "^5.0.0" } }, "sha512-h8lQ8tacZYnR3vNQTgibj+tODHI5/+l06Au2Pcriv/Gmet0eaj4TwWH41sO9wnHDiQsEj19q0drzdWdeAHtweg=="],

    "acorn": ["acorn@8.16.0", "https://registry.npmmirror.com/acorn/-/acorn-8.16.0.tgz", { "bin": "bin/acorn" }, "sha512-UVJyE9MttOsBQIDKw1skb9nAwQuR5wuGD3+82K6JgJlm/Y+KI92oNsMNGZCYdDsVtRHSak0pcV5Dno5+4jh9sw=="],

    "acorn-walk": ["acorn-walk@8.3.5", "https://registry.npmmirror.com/acorn-walk/-/acorn-walk-8.3.5.tgz", { "dependencies": { "acorn": "^8.11.0" } }, "sha512-HEHNfbars9v4pgpW6SO1KSPkfoS0xVOM/9UzkJltjlsHZmJasxg8aXkuZa7SMf8vKGIBhpUsPluQSqhJFCqebw=="],

    "agent-base": ["agent-base@9.0.0", "https://registry.npmmirror.com/agent-base/-/agent-base-9.0.0.tgz", {}, "sha512-TQf59BsZnytt8GdJKLPfUZ54g/iaUL2OWDSFCCvMOhsHduDQxO8xC4PNeyIkVcA5KwL2phPSv0douC0fgWzmnA=="],

    "ansi-styles": ["ansi-styles@4.3.0", "https://registry.npmmirror.com/ansi-styles/-/ansi-styles-4.3.0.tgz", { "dependencies": { "color-convert": "^2.0.1" } }, "sha512-zbB9rCJAT1rbjiVDb2hqKFHNYLxgtk8NURxZ3IZwD3F6NtxbXZQCnnSi1Lkx+IDohdPlFp222wVALIheZJQSEg=="],

    "archiver": ["archiver@8.0.0", "", { "dependencies": { "async": "^3.2.4", "buffer-crc32": "^1.0.0", "is-stream": "^4.0.0", "lazystream": "^1.0.0", "normalize-path": "^3.0.0", "readable-stream": "^4.0.0", "readdir-glob": "^3.0.0", "tar-stream": "^3.0.0", "zip-stream": "^7.0.2" } }, "sha512-fV1orZfsnPn9BaSByR/qE67rJCLJEy2Ox5bq7nJh+jquWaNh6Sfec75kJ2T6PtdGUbPQlrVoSVCEOa5SdiTQ1g=="],

    "asap": ["asap@2.0.6", "https://registry.npmmirror.com/asap/-/asap-2.0.6.tgz", {}, "sha512-BSHWgDSAiKs50o2Re8ppvp3seVHXSRM44cdSsT9FfNEUUZLOGWVCsiWaRPWM1Znn+mqZ1OfVZ3z3DWEzSp7hRA=="],

    "async": ["async@3.2.6", "https://registry.npmmirror.com/async/-/async-3.2.6.tgz", {}, "sha512-htCUDlxyyCLMgaM3xXg0C0LW2xqfuQ6p05pCEIsXuyQ+a1koYKTuBMzRNwmybfLgvJDMd0r1LTn4+E0Ti6C2AA=="],

    "b4a": ["b4a@1.8.1", "https://registry.npmmirror.com/b4a/-/b4a-1.8.1.tgz", { "peerDependencies": { "react-native-b4a": "*" }, "optionalPeers": ["react-native-b4a"] }, "sha512-aiqre1Nr0B/6DgE2N5vwTc+2/oQZ4Wh1t4NznYY4E00y8LCt6NqdRv81so00oo27D8MVKTpUa/MwUUtBLXCoDw=="],

    "balanced-match": ["balanced-match@4.0.4", "https://registry.npmmirror.com/balanced-match/-/balanced-match-4.0.4.tgz", {}, "sha512-BLrgEcRTwX2o6gGxGOCNyMvGSp35YofuYzw9h1IMTRmKqttAZZVU67bdb9Pr2vUHA8+j3i2tJfjO6C6+4myGTA=="],

    "bare-events": ["bare-events@2.8.2", "https://registry.npmmirror.com/bare-events/-/bare-events-2.8.2.tgz", { "peerDependencies": { "bare-abort-controller": "*" }, "optionalPeers": ["bare-abort-controller"] }, "sha512-riJjyv1/mHLIPX4RwiK+oW9/4c3TEUeORHKefKAKnZ5kyslbN+HXowtbaVEqt4IMUB7OXlfixcs6gsFeo/jhiQ=="],

    "bare-fs": ["bare-fs@4.7.1", "https://registry.npmmirror.com/bare-fs/-/bare-fs-4.7.1.tgz", { "dependencies": { "bare-events": "^2.5.4", "bare-path": "^3.0.0", "bare-stream": "^2.6.4", "bare-url": "^2.2.2", "fast-fifo": "^1.3.2" }, "peerDependencies": { "bare-buffer": "*" }, "optionalPeers": ["bare-buffer"] }, "sha512-WDRsyVN52eAx/lBamKD6uyw8H4228h/x0sGGGegOamM2cd7Pag88GfMQalobXI+HaEUxpCkbKQUDOQqt9wawRw=="],

    "bare-os": ["bare-os@3.9.1", "https://registry.npmmirror.com/bare-os/-/bare-os-3.9.1.tgz", {}, "sha512-6M5XjcnsygQNPMCMPXSK379xrJFiZ/AEMNBmFEmQW8d/789VQATvriyi5r0HYTL9TkQ26rn3kgdTG3aisbrXkQ=="],

    "bare-path": ["bare-path@3.0.0", "https://registry.npmmirror.com/bare-path/-/bare-path-3.0.0.tgz", { "dependencies": { "bare-os": "^3.0.1" } }, "sha512-tyfW2cQcB5NN8Saijrhqn0Zh7AnFNsnczRcuWODH0eYAXBsJ5gVxAUuNr7tsHSC6IZ77cA0SitzT+s47kot8Mw=="],

    "bare-stream": ["bare-stream@2.13.1", "https://registry.npmmirror.com/bare-stream/-/bare-stream-2.13.1.tgz", { "dependencies": { "streamx": "^2.25.0", "teex": "^1.0.1" }, "peerDependencies": { "bare-abort-controller": "*", "bare-buffer": "*", "bare-events": "*" }, "optionalPeers": ["bare-abort-controller", "bare-buffer", "bare-events"] }, "sha512-Vp0cnjYyrEC4whYTymQ+YZi6pBpfiICZO3cfRG8sy67ZNWe951urv1x4eW1BKNngw3U+3fPYb5JQvHbCtxH7Ow=="],

    "bare-url": ["bare-url@2.4.3", "https://registry.npmmirror.com/bare-url/-/bare-url-2.4.3.tgz", { "dependencies": { "bare-path": "^3.0.0" } }, "sha512-Kccpc7ACfXaxfeInfqKcZtW4pT5YBn1mesc4sCsun6sRwtbJ4h+sNOaksUpYEJUKfN65YWC6Bw2OJEFiKxq8nQ=="],

    "base-64": ["base-64@1.0.0", "https://registry.npmmirror.com/base-64/-/base-64-1.0.0.tgz", {}, "sha512-kwDPIFCGx0NZHog36dj+tHiwP4QMzsZ3AgMViUBKI0+V5n4U0ufTCUMhnQ04diaRI8EX/QcPfql7zlhZ7j4zgg=="],

    "base64-js": ["base64-js@1.5.1", "https://registry.npmmirror.com/base64-js/-/base64-js-1.5.1.tgz", {}, "sha512-AKpaYlHn8t4SVbOHCy+b5+KKgvR4vrsD8vbvrbiQJps7fKDTkjkDry6ji0rUJjC0kzbNePLwzxq8iypo41qeWA=="],

    "bluebird": ["bluebird@3.7.2", "", {}, "sha512-XpNj6GDQzdfW+r2Wnn7xiSAd7TM3jzkxGXBGTtWKuSXv1xUV+azxAm8jdWZN06QTQk+2N2XB9jRDkvbmQmcRtg=="],

    "brace-expansion": ["brace-expansion@5.0.9", "", { "dependencies": { "balanced-match": "^4.0.2" } }, "sha512-ScQ4IuvIEF1TMlP7Zt+vjJ//9zlPb2SDcxWxM3bk8s6t6GGdJ7KO1dCcTidOPJKePW30LE/2cT7wCyPho9/Wxg=="],

    "buffer": ["buffer@6.0.3", "", { "dependencies": { "base64-js": "^1.3.1", "ieee754": "^1.2.1" } }, "sha512-FTiCpNxtwiZZHEZbcbTIcZjERVICn9yq/pDFkTl95/AxzD1naBctN7YO68riM/gLSDY7sdrMby8hofADYuuqOA=="],

    "buffer-crc32": ["buffer-crc32@1.0.0", "https://registry.npmmirror.com/buffer-crc32/-/buffer-crc32-1.0.0.tgz", {}, "sha512-Db1SbgBS/fg/392AblrMJk97KggmvYhr4pB5ZIMTWtaivCPMWLkmb7m21cJvpvgK+J3nsU2CmmixNBZx4vFj/w=="],

    "bun-types": ["bun-types@1.4.1", "", { "dependencies": { "@types/node": "*" } }, "sha512-loKuVrAFZKfEv+JvWkHRS9GW5IqLuLRjVXN9p+vZvBN86O5hf/pBZQ5hSoyipsrMmWObZBDvWnlmKvjKTM0PdA=="],

    "byte-length": ["byte-length@1.0.2", "https://registry.npmmirror.com/byte-length/-/byte-length-1.0.2.tgz", {}, "sha512-ovBpjmsgd/teRmgcPh23d4gJvxDoXtAzEL9xTfMU8Yc2kqCDb7L9jAG0XHl1nzuGl+h3ebCIF1i62UFyA9V/2Q=="],

    "chalk": ["chalk@4.1.2", "https://registry.npmmirror.com/chalk/-/chalk-4.1.2.tgz", { "dependencies": { "ansi-styles": "^4.1.0", "supports-color": "^7.1.0" } }, "sha512-oKnbhFyRIXpUuez8iBMmyEa4nbj4IOQyuhc/wy9kY7/WVPcwIO9VA668Pu8RkO7+0G76SLROeyw9CpQ061i4mA=="],

    "changelog-parser": ["changelog-parser@4.1.0", "", { "dependencies": { "remove-markdown": "^0.6.4" }, "bin": "dist/cli.js" }, "sha512-FzpTTPllU+AhXrlR2R8kFjHeyz+c/htnK58GqpwBBtduFqjiRNA/fPg1rHKiJVGcMZDamWEuYMJZ93jyWVvd+A=="],

    "charenc": ["charenc@0.0.2", "https://registry.npmmirror.com/charenc/-/charenc-0.0.2.tgz", {}, "sha512-yrLQ/yVUFXkzg7EDQsPieE/53+0RlaWTs+wBrvW36cyilJ2SaDWfl4Yj7MtLTXleV9uEKefbAGUPv2/iWSooRA=="],

    "color-convert": ["color-convert@2.0.1", "https://registry.npmmirror.com/color-convert/-/color-convert-2.0.1.tgz", { "dependencies": { "color-name": "~1.1.4" } }, "sha512-RRECPsj7iu/xb5oKYcsFHSppFNnsj/52OVTRKb4zP5onXwVF3zVmmToNcOfGC+CRDpfK/U584fMg38ZHCaElKQ=="],

    "color-name": ["color-name@1.1.4", "https://registry.npmmirror.com/color-name/-/color-name-1.1.4.tgz", {}, "sha512-dOy+3AuW3a2wNbZHIuMZpTcgjGuLU/uBL/ubcZF9OXbDo8ff4O8yVp5Bf0efS8uEoYo5q4Fx7dY9OgQGXgAsQA=="],

    "compress-commons": ["compress-commons@7.0.1", "", { "dependencies": { "crc-32": "^1.2.0", "crc32-stream": "^7.0.1", "is-stream": "^4.0.0", "normalize-path": "^3.0.0", "readable-stream": "^4.0.0" } }, "sha512-g0S8KAD8qf4+V//pr3BfB1aBnARLXNz2Gx+jmHU0LEriUuoQUOPOulVquHKTJ8+EAIIO7fhseNDr9wK5Q9FKBQ=="],

    "core-util-is": ["core-util-is@1.0.2", "https://registry.npmmirror.com/core-util-is/-/core-util-is-1.0.2.tgz", {}, "sha512-3lqz5YjWTYnW6dlDa5TLaTCcShfar1e40rmcJVwCBJC6mWlFuj0eCHIElmG1g5kyuJ/GD+8Wn4FFCcz4gJPfaQ=="],

    "crc-32": ["crc-32@1.2.2", "", { "bin": { "crc32": "bin/crc32.njs" } }, "sha512-ROmzCKrTnOwybPcJApAA6WBWij23HVfGVNKqqrZpuyZOHqK2CwHSvpGuyt/UNNvaIjEd8X5IFGp4Mh+Ie1IHJQ=="],

    "crc32-stream": ["crc32-stream@7.0.1", "", { "dependencies": { "crc-32": "^1.2.0", "readable-stream": "^4.0.0" } }, "sha512-IBWsY8xznyQrcHn8h4bC8/4ErNke5elzgG8GcqF4RFPw6aHkWWRc7Tgw6upjaTX/CT/yQgqYENkxYsTYN+hW2g=="],

    "crypt": ["crypt@0.0.2", "https://registry.npmmirror.com/crypt/-/crypt-0.0.2.tgz", {}, "sha512-mCxBlsHFYh9C+HVpiEacem8FEBnMXgU9gy4zmNC+SXAZNB/1idgp/aulFJ4FgCi7GPEVbfyng092GqL2k2rmow=="],

    "data-uri-to-buffer": ["data-uri-to-buffer@4.0.1", "https://registry.npmmirror.com/data-uri-to-buffer/-/data-uri-to-buffer-4.0.1.tgz", {}, "sha512-0R9ikRb668HB7QDxT1vkpuUBtqc53YyAwMwGeUFKRojY/NWKvdZ+9UYtRfGmhqNbRkTSVpMbmyhXipFFv2cb/A=="],

    "date-format": ["date-format@4.0.14", "https://registry.npmmirror.com/date-format/-/date-format-4.0.14.tgz", {}, "sha512-39BOQLs9ZjKh0/patS9nrT8wc3ioX3/eA/zgbKNopnF2wCqJEoxywwwElATYvRsXdnOxA/OQeQoFZ3rFjVajhg=="],

    "debug": ["debug@4.4.3", "https://registry.npmmirror.com/debug/-/debug-4.4.3.tgz", { "dependencies": { "ms": "^2.1.3" } }, "sha512-RGwwWnwQvkVfavKVt22FGLw+xYSdzARwm0ru6DhTVA3umU5hZc28V3kO4stgYryrTlLpuvgI9GiijltAjNbcqA=="],

    "dezalgo": ["dezalgo@1.0.4", "https://registry.npmmirror.com/dezalgo/-/dezalgo-1.0.4.tgz", { "dependencies": { "asap": "^2.0.0", "wrappy": "1" } }, "sha512-rXSP0bf+5n0Qonsb+SVVfNfIsimO4HEtmnIpPHY8Q1UCzKlQrDMfdobr8nJOOsRgWCyMRqeSBQzmWUMq7zvVig=="],

    "duplexer2": ["duplexer2@0.1.4", "https://registry.npmmirror.com/duplexer2/-/duplexer2-0.1.4.tgz", { "dependencies": { "readable-stream": "^2.0.2" } }, "sha512-asLFVfWWtJ90ZyOUHMqk7/S2w2guQKxUI2itj3d92ADHhxUSbCMGi1f1cBcJ7xM1To+pE/Khbwo1yuNbMEPKeA=="],

    "entities": ["entities@6.0.1", "https://registry.npmmirror.com/entities/-/entities-6.0.1.tgz", {}, "sha512-aN97NXWF6AWBTahfVOIrB/NShkzi5H7F9r1s9mD3cDj4Ko5f2qhhVoYMibXF7GlLveb/D2ioWay8lxI97Ven3g=="],

    "event-target-shim": ["event-target-shim@5.0.1", "", {}, "sha512-i/2XbnSz/uxRCU6+NdVJgKWDTM427+MqYbkQzD321DuCQJUqOuJKIA0IM2+W2xtYHdKOmZ4dR6fExsd4SXL+WQ=="],

    "events": ["events@3.3.0", "", {}, "sha512-mQw+2fkQbALzQ7V0MY0IqdnXNOeTtP4r0lN9z7AAawCXgqea7bDii20AYrIBrFd/Hx0M2Ocz6S111CaFkUcb0Q=="],

    "events-universal": ["events-universal@1.0.1", "https://registry.npmmirror.com/events-universal/-/events-universal-1.0.1.tgz", { "dependencies": { "bare-events": "^2.7.0" } }, "sha512-LUd5euvbMLpwOF8m6ivPCbhQeSiYVNb8Vs0fQ8QjXo0JTkEHpz8pxdQf0gStltaPpw0Cca8b39KxvK9cfKRiAw=="],

    "fast-fifo": ["fast-fifo@1.3.2", "https://registry.npmmirror.com/fast-fifo/-/fast-fifo-1.3.2.tgz", {}, "sha512-/d9sfos4yxzpwkDkuN7k2SqFKtYNmCTzgfEpz82x34IM9/zc8KGxQoXg1liNC/izpRM/MBdt44Nmx41ZWqk+FQ=="],

    "fast-xml-builder": ["fast-xml-builder@1.1.9", "https://registry.npmmirror.com/fast-xml-builder/-/fast-xml-builder-1.1.9.tgz", { "dependencies": { "path-expression-matcher": "^1.1.3" } }, "sha512-jcyKVSEX13iseJqg7n/KWw+xnu/7fdrZ333Fac54KjHDIELVCfDDJXYIm6DTJ0Su4gSzrhqiK0DzY/wZbF40mw=="],

    "fast-xml-parser": ["fast-xml-parser@5.7.3", "https://registry.npmmirror.com/fast-xml-parser/-/fast-xml-parser-5.7.3.tgz", { "dependencies": { "@nodable/entities": "^2.1.0", "fast-xml-builder": "^1.1.7", "path-expression-matcher": "^1.5.0", "strnum": "^2.2.3" }, "bin": { "fxparser": "src/cli/cli.js" } }, "sha512-C0AaNuC+mscy6vrAQKAc/rMq+zAPHodfHGZu4sGVehvAQt/JLG1O5zEcYcXSY5zSqr4YVgxsB+pHXTq0i7eDlg=="],

    "fetch-blob": ["fetch-blob@3.2.0", "https://registry.npmmirror.com/fetch-blob/-/fetch-blob-3.2.0.tgz", { "dependencies": { "node-domexception": "^1.0.0", "web-streams-polyfill": "^3.0.3" } }, "sha512-7yAQpD2UMJzLi1Dqv7qFYnPbaPx7ZfFK6PiIxQ4PfkGPyNyl2Ugx+a/umUonmKqjhM4DnfbMvdX6otXq83soQQ=="],

    "file-type": ["file-type@22.0.2", "", { "dependencies": { "@tokenizer/inflate": "^0.4.1", "strtok3": "^10.3.5", "token-types": "^6.1.2", "uint8array-extras": "^1.5.0" } }, "sha512-0H8TsCUGBLx+V5adH3EY52hTAcyLKbV1D4gq5cIOJ6DnQAHeV9Z2Hhuc5CoBX4YmvB2oL+JIC84z0qO7JsCoNw=="],

    "flatted": ["flatted@3.4.2", "https://registry.npmmirror.com/flatted/-/flatted-3.4.2.tgz", {}, "sha512-PjDse7RzhcPkIJwy5t7KPWQSZ9cAbzQXcafsetQoD7sOJRQlGikNbx7yZp2OotDnJyrDcbyRq3Ttb18iYOqkxA=="],

    "formdata-polyfill": ["formdata-polyfill@4.0.10", "https://registry.npmmirror.com/formdata-polyfill/-/formdata-polyfill-4.0.10.tgz", { "dependencies": { "fetch-blob": "^3.1.2" } }, "sha512-buewHzMvYL29jdeQTVILecSaZKnt/RJWjoZCF5OW60Z67/GmSLBkOFM7qh1PI3zFNtJbaZL5eQu1vLfazOwj4g=="],

    "formidable": ["formidable@3.5.4", "https://registry.npmmirror.com/formidable/-/formidable-3.5.4.tgz", { "dependencies": { "@paralleldrive/cuid2": "^2.2.2", "dezalgo": "^1.0.4", "once": "^1.4.0" } }, "sha512-YikH+7CUTOtP44ZTnUhR7Ic2UASBPOqmaRkRKxRbywPTe5VxF7RRCck4af9wutiZ/QKM5nME9Bie2fFaPz5Gug=="],

    "fs-extra": ["fs-extra@11.3.1", "", { "dependencies": { "graceful-fs": "^4.2.0", "jsonfile": "^6.0.1", "universalify": "^2.0.0" } }, "sha512-eXvGGwZ5CL17ZSwHWd3bbgk7UUpF6IFHtP57NYYakPvHOs8GDgDe5KJI36jIJzDkJ6eJjuzRA8eBQb6SkKue0g=="],

    "graceful-fs": ["graceful-fs@4.2.11", "https://registry.npmmirror.com/graceful-fs/-/graceful-fs-4.2.11.tgz", {}, "sha512-RbJ5/jmFcNNCcDV5o9eTnBLJ/HszWV0P73bc+Ff4nS/rJj+YaS6IGyiOL0VoBYX+l1Wrl3k63h/KrH+nhJ0XvQ=="],

    "has-flag": ["has-flag@4.0.0", "https://registry.npmmirror.com/has-flag/-/has-flag-4.0.0.tgz", {}, "sha512-EykJT/Q1KjTWctppgIAgfSO0tKVuZUjhgMr17kqTumMl6Afv3EISleU7qZUzoXDFTAHTDC4NOoG/ZxU3EvlMPQ=="],

    "hot-patcher": ["hot-patcher@2.0.1", "https://registry.npmmirror.com/hot-patcher/-/hot-patcher-2.0.1.tgz", {}, "sha512-ECg1JFG0YzehicQaogenlcs2qg6WsXQsxtnbr1i696u5tLUjtJdQAh0u2g0Q5YV45f263Ta1GnUJsc8WIfJf4Q=="],

    "iconv-lite": ["iconv-lite@0.6.3", "https://registry.npmmirror.com/iconv-lite/-/iconv-lite-0.6.3.tgz", { "dependencies": { "safer-buffer": ">= 2.1.2 < 3.0.0" } }, "sha512-4fCk79wshMdzMp2rH06qWrJE4iolqLhCUH+OiuIgU++RB0+94NlDL81atO7GX55uUKueo0txHNtvEyI6D7WdMw=="],

    "ieee754": ["ieee754@1.2.1", "https://registry.npmmirror.com/ieee754/-/ieee754-1.2.1.tgz", {}, "sha512-dcyqhDvX1C46lXZcVqCpK+FtMRQVdIMN6/Df5js2zouUsqG7I6sFxitIC+7KYK29KdXOLHdu9zL4sFnoVQnqaA=="],

    "inherits": ["inherits@2.0.4", "https://registry.npmmirror.com/inherits/-/inherits-2.0.4.tgz", {}, "sha512-k/vGaX4/Yla3WzyMCvTQOXYeIHvqOKtnqBduzTHpzpQZzAskKMhZ2K+EnBiSM9zGSoIFeMpXKxa4dYeZIQqewQ=="],

    "ip-address": ["ip-address@10.2.0", "https://registry.npmmirror.com/ip-address/-/ip-address-10.2.0.tgz", {}, "sha512-/+S6j4E9AHvW9SWMSEY9Xfy66O5PWvVEJ08O0y5JGyEKQpojb0K0GKpz/v5HJ/G0vi3D2sjGK78119oXZeE0qA=="],

    "is-buffer": ["is-buffer@1.1.6", "https://registry.npmmirror.com/is-buffer/-/is-buffer-1.1.6.tgz", {}, "sha512-NcdALwpXkTm5Zvvbk7owOUSvVvBKDgKP5/ewfXEznmQFfs4ZRmanOeKBTjRVjka3QFoN6XJ+9F3USqfHqTaU5w=="],

    "is-stream": ["is-stream@4.0.1", "", {}, "sha512-Dnz92NInDqYckGEUJv689RbRiTSEHCQ7wOVeALbkOz999YpqT46yMRIGtSNl2iCL1waAZSx40+h59NV/EwzV/A=="],

    "isarray": ["isarray@1.0.0", "", {}, "sha512-VLghIWNM6ELQzo7zwmcg0NmTVyWKYjvIeM83yjp0wRDTmUnrM678fQbcKBo6n2CJEF0szoG//ytg+TKla89ALQ=="],

    "jsonfile": ["jsonfile@6.2.1", "https://registry.npmmirror.com/jsonfile/-/jsonfile-6.2.1.tgz", { "dependencies": { "universalify": "^2.0.0" }, "optionalDependencies": { "graceful-fs": "^4.1.6" } }, "sha512-zwOTdL3rFQ/lRdBnntKVOX6k5cKJwEc1HdilT71BWEu7J41gXIB2MRp+vxduPSwZJPWBxEzv4yH1wYLJGUHX4Q=="],

    "layerr": ["layerr@3.0.0", "https://registry.npmmirror.com/layerr/-/layerr-3.0.0.tgz", {}, "sha512-tv754Ki2dXpPVApOrjTyRo4/QegVb9eVFq4mjqp4+NM5NaX7syQvN5BBNfV/ZpAHCEHV24XdUVrBAoka4jt3pA=="],

    "lazystream": ["lazystream@1.0.1", "", { "dependencies": { "readable-stream": "^2.0.5" } }, "sha512-b94GiNHQNy6JNTrt5w6zNyffMrNkXZb3KTkCZJb2V1xaEGCk093vkZ2jk3tpaeP33/OiXC+WvK9AxUebnf5nbw=="],

    "log4js": ["log4js@6.9.1", "https://registry.npmmirror.com/log4js/-/log4js-6.9.1.tgz", { "dependencies": { "date-format": "^4.0.14", "debug": "^4.3.4", "flatted": "^3.2.7", "rfdc": "^1.3.0", "streamroller": "^3.1.5" } }, "sha512-1somDdy9sChrr9/f4UlzhdaGfDR2c/SaD2a4T7qEkG4jTS57/B3qmnjLYePwQ8cqWnUHZI0iAKxMBpCZICiZ2g=="],

    "lru-cache": ["lru-cache@11.5.2", "", {}, "sha512-4pfM1Ff0x50o0tQwb5ucw/RzNyD0/YJME6IVcStalZuMWxdt3sR3huStTtxz4PUmvZfRguvDejasvQ2kifR11g=="],

    "md5": ["md5@2.3.0", "https://registry.npmmirror.com/md5/-/md5-2.3.0.tgz", { "dependencies": { "charenc": "0.0.2", "crypt": "0.0.2", "is-buffer": "~1.1.6" } }, "sha512-T1GITYmFaKuO91vxyoQMFETst+O71VUPEU3ze5GNzDm0OWdP8v1ziTaAEPUr/3kLsY3Sftgz242A1SetQiDL7g=="],

    "message2call": ["message2call@0.1.3", "https://registry.npmmirror.com/message2call/-/message2call-0.1.3.tgz", {}, "sha512-jOOPKWTE5LMfuxz8D1o186ex+kJl7FgRz033Z371kvyfZDyCn+qhtrsIvgf4kPUf4zYAWM2SU4GFWbA7F2U+Ag=="],

    "minimatch": ["minimatch@9.0.9", "", { "dependencies": { "brace-expansion": "^2.0.2" } }, "sha512-OBwBN9AL4dqmETlpS2zasx+vTeWclWzkblfZk7KTA5j3jeOONz/tRCnZomUyvNg83wL5Zv9Ss6HMJXAgL8R2Yg=="],

    "ms": ["ms@2.1.3", "https://registry.npmmirror.com/ms/-/ms-2.1.3.tgz", {}, "sha512-6FlzubTLZG3J2a/NVCAleEhjzq5oxgHyaCU9yYXvcLsvoVaHJq/s5xXI6/XXP6tz7R9xAOtHnSO/tXtF3WRTlA=="],

    "music-tag-native": ["music-tag-native@0.2.5", "", { "optionalDependencies": { "music-tag-native-android-arm64": "0.2.5", "music-tag-native-darwin-arm64": "0.2.5", "music-tag-native-darwin-x64": "0.2.5", "music-tag-native-linux-arm-gnueabihf": "0.2.5", "music-tag-native-linux-arm-musleabihf": "0.2.5", "music-tag-native-linux-arm64-gnu": "0.2.5", "music-tag-native-linux-arm64-musl": "0.2.5", "music-tag-native-linux-x64-gnu": "0.2.5", "music-tag-native-linux-x64-musl": "0.2.5", "music-tag-native-wasm32-wasi": "0.2.5", "music-tag-native-win32-arm64-msvc": "0.2.5", "music-tag-native-win32-ia32-msvc": "0.2.5", "music-tag-native-win32-x64-msvc": "0.2.5" } }, "sha512-ZBvk99um2NbSFOb7TFbhIHtJligBtH857HS1QhCfo2SdwWgBUCtvR5Zx0P2oV+G5C38lZr/aPDKhq6VIvVBY3w=="],

    "music-tag-native-android-arm64": ["music-tag-native-android-arm64@0.2.5", "", { "os": "android", "cpu": "arm64" }, "sha512-Xgqp4fBy83H5wvzqEIfsJff8bzgA1vBKd15ht7E8jMkoaW3d+8XYC9+NLUTU7pVcEU5O11YdZYkcsyVs9ExS2A=="],

    "music-tag-native-darwin-arm64": ["music-tag-native-darwin-arm64@0.2.5", "", { "os": "darwin", "cpu": "arm64" }, "sha512-ZLsWWP2Jk1vpP6mGCDExZtSx0/dKsrlNlblaWVBnfOQ1eoSu12BI0LE60d6uL02pOzn/hUyTG1/FmpNl9Cn8tQ=="],

    "music-tag-native-darwin-x64": ["music-tag-native-darwin-x64@0.2.5", "", { "os": "darwin", "cpu": "x64" }, "sha512-JSPUbRuZ1kLed+ncbXi4fZP+3hABq+7UFxccdaCzXkUaSsBrM/VKnxVeqp139ibxRBlftOHrEioO5pRXDmT1WA=="],

    "music-tag-native-linux-arm-gnueabihf": ["music-tag-native-linux-arm-gnueabihf@0.2.5", "", { "os": "linux", "cpu": "arm" }, "sha512-Q4axi6daTF/xmOVk9QZ/d18biVf3qeF6yP05gLJCPdELtSwddhJNw6YqgbHL89Slq1Wa77WvVyZpUz3cFkww6g=="],

    "music-tag-native-linux-arm-musleabihf": ["music-tag-native-linux-arm-musleabihf@0.2.5", "", { "os": "linux", "cpu": "arm" }, "sha512-Bl3nSkhWw6YIqWp9+bpNMpllBDe7WSUeCw0Q7p09D4Bd9StaTPSheJOYPktWHawCEQdm70Bc4AR/rE6FOyxmZA=="],

    "music-tag-native-linux-arm64-gnu": ["music-tag-native-linux-arm64-gnu@0.2.5", "", { "os": "linux", "cpu": "arm64" }, "sha512-vPhl6Hxe0xEdA6OLbAhs0Ukd2qAQQqtNDGJrh6djMB0d1lwL2E49hSE58InanYmvIy2gGg2+hWR4dWhfb3yKBw=="],

    "music-tag-native-linux-arm64-musl": ["music-tag-native-linux-arm64-musl@0.2.5", "", { "os": "linux", "cpu": "arm64" }, "sha512-2C8kyUkb+O1EEdWWL899/eLHOCATrBoOuLX3NEAXyqvEwMtzcJJSLQz+g10SIQw4Eo0k4q2OQ9sjyGEp3gJShA=="],

    "music-tag-native-linux-x64-gnu": ["music-tag-native-linux-x64-gnu@0.2.5", "", { "os": "linux", "cpu": "x64" }, "sha512-j2YKrjn8JCOSSFx5KsYyKZ+/bnW6eCv9dBOUC1lpHm8nDtCNBT7zmAOapBCREQR1BZAJKfxo5ap1rU4RHVqRYw=="],

    "music-tag-native-linux-x64-musl": ["music-tag-native-linux-x64-musl@0.2.5", "", { "os": "linux", "cpu": "x64" }, "sha512-0iwQtMY0fODV8e8zbdk48VNtBNNv4xTX7h4bAhyptCEX+u1vGk3qYXboEVc8dwGGsaQWJFcD+5JuFfi7utcMFg=="],

    "music-tag-native-wasm32-wasi": ["music-tag-native-wasm32-wasi@0.2.5", "", { "dependencies": { "@napi-rs/wasm-runtime": "^1.1.5" }, "cpu": "none" }, "sha512-CeosbJTc09Q14PG3YMgoTwj7dckCPTKyOet2dWRIXNaUof9Wxgmdr8DnqMsgD46ih/dsU6F+xP7tujaxnRJ2GQ=="],

    "music-tag-native-win32-arm64-msvc": ["music-tag-native-win32-arm64-msvc@0.2.5", "", { "os": "win32", "cpu": "arm64" }, "sha512-R53oysvkzJ/AGt7HK5G/qvyT9ICdkEs+eroHiw/dm9V6AaqqbtTYtd/wfKZx3TBpgWC6j5hmkIvsHerfwvuhdw=="],

    "music-tag-native-win32-ia32-msvc": ["music-tag-native-win32-ia32-msvc@0.2.5", "", { "os": "win32", "cpu": "ia32" }, "sha512-FPNR/vgCrFo7B0qFLwOwHjXuc1x7hiCqLrAW+w2jb+XkvjtuXvmzOyiEtK0JwUUZX8BXz/XcDhjUMgpNd0mXlA=="],

    "music-tag-native-win32-x64-msvc": ["music-tag-native-win32-x64-msvc@0.2.5", "", { "os": "win32", "cpu": "x64" }, "sha512-CsZUOQ0j0ObVWqR7NqxOqrCVmVXWAcKRPqjxDGUXZlmw6WUZ6KjnrDh0lAFTAU6/mUQRyvWRZ385lfWaitpvLQ=="],

    "needle": ["needle@3.5.0", "https://registry.npmmirror.com/needle/-/needle-3.5.0.tgz", { "dependencies": { "iconv-lite": "^0.6.3", "sax": "^1.2.4" }, "bin": "bin/needle" }, "sha512-jaQyPKKk2YokHrEg+vFDYxXIHTCBgiZwSHOoVx/8V3GIBS8/VN6NdVRmg8q1ERtPkMvmOvebsgga4sAj5hls/w=="],

    "nested-property": ["nested-property@4.0.0", "https://registry.npmmirror.com/nested-property/-/nested-property-4.0.0.tgz", {}, "sha512-yFehXNWRs4cM0+dz7QxCd06hTbWbSkV0ISsqBfkntU6TOY4Qm3Q88fRRLOddkGh2Qq6dZvnKVAahfhjcUvLnyA=="],

    "node-domexception": ["node-domexception@1.0.0", "https://registry.npmmirror.com/node-domexception/-/node-domexception-1.0.0.tgz", {}, "sha512-/jKZoMpw0F8GRwl4/eLROPA3cfcXtLApP0QzLmUT/HuPCZWyB7IY9ZrMeKw2O/nFIqPQB3PVM9aYm0F312AXDQ=="],

    "node-fetch": ["node-fetch@3.3.2", "https://registry.npmmirror.com/node-fetch/-/node-fetch-3.3.2.tgz", { "dependencies": { "data-uri-to-buffer": "^4.0.0", "fetch-blob": "^3.1.4", "formdata-polyfill": "^4.0.10" } }, "sha512-dRB78srN/l6gqWulah9SrxeYnxeddIG30+GOqK/9OlLVyLg3HPnr6SqOWTWOXKRwC2eGYCkZ59NNuSgvSrpgOA=="],

    "node-int64": ["node-int64@0.4.0", "", {}, "sha512-O5lz91xSOeoXP6DulyHfllpq+Eg00MWitZIbtPfoSEvqIHdl5gfcY6hYzDWnj0qD5tz52PI08u9qUvSVeUBeHw=="],

    "normalize-path": ["normalize-path@3.0.0", "https://registry.npmmirror.com/normalize-path/-/normalize-path-3.0.0.tgz", {}, "sha512-6eZs5Ls3WtCisHWp9S2GUy8dqkpGi4BVSz3GaqiE6ezub0512ESztXUwUB6C6IKbQkY2Pnb/mD4WYojCRwcwLA=="],

    "once": ["once@1.4.0", "https://registry.npmmirror.com/once/-/once-1.4.0.tgz", { "dependencies": { "wrappy": "1" } }, "sha512-lNaJgI+2Q5URQBkccEKHTQOPaXdUxnZZElQTZY0MFUAuaEqe1E+Nyvgdz/aIyNi6Z9MzO5dv1H8n58/GELp3+w=="],

    "path-expression-matcher": ["path-expression-matcher@1.5.0", "https://registry.npmmirror.com/path-expression-matcher/-/path-expression-matcher-1.5.0.tgz", {}, "sha512-cbrerZV+6rvdQrrD+iGMcZFEiiSrbv9Tfdkvnusy6y0x0GKBXREFg/Y65GhIfm0tnLntThhzCnfKwp1WRjeCyQ=="],

    "path-posix": ["path-posix@1.0.0", "https://registry.npmmirror.com/path-posix/-/path-posix-1.0.0.tgz", {}, "sha512-1gJ0WpNIiYcQydgg3Ed8KzvIqTsDpNwq+cjBCssvBtuTWjEqY1AW+i+OepiEMqDCzyro9B2sLAe4RBPajMYFiA=="],

    "process": ["process@0.11.10", "", {}, "sha512-cdGef/drWFoydD1JsMzuFf8100nZl+GT+yacc2bEced5f9Rjk4z+WtFUTBu9PhOi9j/jfmBPu0mMEY4wIdAF8A=="],

    "process-nextick-args": ["process-nextick-args@2.0.1", "https://registry.npmmirror.com/process-nextick-args/-/process-nextick-args-2.0.1.tgz", {}, "sha512-3ouUOpQhtgrbOa17J7+uxOTpITYWaGP7/AhoR3+A+/1e9skrzelGi/dXzEYyvbxubEF6Wn2ypscTKiKJFFn1ag=="],

    "querystringify": ["querystringify@2.2.0", "https://registry.npmmirror.com/querystringify/-/querystringify-2.2.0.tgz", {}, "sha512-FIqgj2EUvTa7R50u0rGsyTftzjYmv/a3hO345bZNrqabNqjtgiDMgmo4mkUjd+nzU5oF3dClKqFIPUKybUyqoQ=="],

    "readable-stream": ["readable-stream@4.7.0", "", { "dependencies": { "abort-controller": "^3.0.0", "buffer": "^6.0.3", "events": "^3.3.0", "process": "^0.11.10", "string_decoder": "^1.3.0" } }, "sha512-oIGGmcpTLwPga8Bn6/Z75SVaH1z5dUut2ibSyAMVhmUggWpmDn2dapB0n7f8nwaSiRtepAsfJyfXIO5DCVAODg=="],

    "readdir-glob": ["readdir-glob@3.0.0", "", { "dependencies": { "minimatch": "^10.2.2" } }, "sha512-AhNB2KgKeVJr16nK9LLZbJNWnYoT23ZrumNKFDebHBdkC8KHSqWo871JAUhoWC/RtjEVdqNMFpM6qrwRbaUqpw=="],

    "remove-markdown": ["remove-markdown@0.6.4", "", {}, "sha512-BompiLClzjfh46irZmzv+1Q61jZYlKN3iq/hzae9EOUwf7ctr/5wpD4qwgn/FWDAYE18RORO7z/yr+HXZJCY8Q=="],

    "requires-port": ["requires-port@1.0.0", "https://registry.npmmirror.com/requires-port/-/requires-port-1.0.0.tgz", {}, "sha512-KigOCHcocU3XODJxsu8i/j8T9tzT4adHiecwORRQ0ZZFcp7ahwXuRU1m+yuO90C5ZUyGeGfocHDI14M3L3yDAQ=="],

    "rfdc": ["rfdc@1.4.1", "https://registry.npmmirror.com/rfdc/-/rfdc-1.4.1.tgz", {}, "sha512-q1b3N5QkRUWUl7iyylaaj3kOpIT0N2i9MqIEQXP73GVsN9cw3fdx8X63cEmWhJGi2PPCF23Ijp7ktmd39rawIA=="],

    "safe-buffer": ["safe-buffer@5.1.2", "", {}, "sha512-Gd2UZBJDkXlY7GbJxfsE8/nvKkUEU1G38c1siN6QP6a9PT9MmHB8GnpscSmMJSoF8LOIrt8ud/wPtojys4G6+g=="],

    "safer-buffer": ["safer-buffer@2.1.2", "https://registry.npmmirror.com/safer-buffer/-/safer-buffer-2.1.2.tgz", {}, "sha512-YZo3K82SD7Riyi0E1EQPojLz7kpepnSQI9IyPbHHg1XXXevb5dJI7tpyN2ADxGcQbHG7vcyRHk0cbwqcQriUtg=="],

    "sax": ["sax@1.6.0", "https://registry.npmmirror.com/sax/-/sax-1.6.0.tgz", {}, "sha512-6R3J5M4AcbtLUdZmRv2SygeVaM7IhrLXu9BmnOGmmACak8fiUtOsYNWUS4uK7upbmHIBbLBeFeI//477BKLBzA=="],

    "smart-buffer": ["smart-buffer@4.2.0", "https://registry.npmmirror.com/smart-buffer/-/smart-buffer-4.2.0.tgz", {}, "sha512-94hK0Hh8rPqQl2xXc3HsaBoOXKV20MToPkcXvwbISWLEs+64sBq5kFgn2kJDHb1Pry9yrP0dxrCI9RRci7RXKg=="],

    "socks": ["socks@2.8.8", "https://registry.npmmirror.com/socks/-/socks-2.8.8.tgz", { "dependencies": { "ip-address": "^10.1.1", "smart-buffer": "^4.2.0" } }, "sha512-NlGELfPrgX2f1TAAcz0WawlLn+0r3FyhhCRpFFK2CemXenPYvzMWWZINv3eDNo9ucdwme7oCHRY0Jnbs4aIkog=="],

    "socks-proxy-agent": ["socks-proxy-agent@10.1.0", "", { "dependencies": { "agent-base": "9.0.0", "debug": "^4.3.4", "socks": "^2.8.3" } }, "sha512-WlMj/67cEJ6MDI1OcsnjuYKDNDoyPCCYZ249kuuXPiMDw9F8PXkVaQ7YWu3siTydfQ/4BEZcvGzu+aYvz7dDCQ=="],

    "streamroller": ["streamroller@3.1.5", "https://registry.npmmirror.com/streamroller/-/streamroller-3.1.5.tgz", { "dependencies": { "date-format": "^4.0.14", "debug": "^4.3.4", "fs-extra": "^8.1.0" } }, "sha512-KFxaM7XT+irxvdqSP1LGLgNWbYN7ay5owZ3r/8t77p+EtSUAfUgtl7be3xtqtOmGUl9K9YPO2ca8133RlTjvKw=="],

    "streamx": ["streamx@2.25.0", "https://registry.npmmirror.com/streamx/-/streamx-2.25.0.tgz", { "dependencies": { "events-universal": "^1.0.0", "fast-fifo": "^1.3.2", "text-decoder": "^1.1.0" } }, "sha512-0nQuG6jf1w+wddNEEXCF4nTg3LtufWINB5eFEN+5TNZW7KWJp6x87+JFL43vaAUPyCfH1wID+mNVyW6OHtFamg=="],

    "string_decoder": ["string_decoder@1.3.0", "", { "dependencies": { "safe-buffer": "~5.2.0" } }, "sha512-hkRX8U1WjJFd8LsDJ2yQ/wWWxaopEsABU1XfkM8A+j0+85JAGppt16cr1Whg6KIbb4okU6Mql6BOj+uup/wKeA=="],

    "strnum": ["strnum@2.2.3", "https://registry.npmmirror.com/strnum/-/strnum-2.2.3.tgz", {}, "sha512-oKx6RUCuHfT3oyVjtnrmn19H1SiCqgJSg+54XqURKp5aCMbrXrhLjRN9TjuwMjiYstZ0MzDrHqkGZ5dFTKd+zg=="],

    "strtok3": ["strtok3@10.3.5", "https://registry.npmmirror.com/strtok3/-/strtok3-10.3.5.tgz", { "dependencies": { "@tokenizer/token": "^0.3.0" } }, "sha512-ki4hZQfh5rX0QDLLkOCj+h+CVNkqmp/CMf8v8kZpkNVK6jGQooMytqzLZYUVYIZcFZ6yDB70EfD8POcFXiF5oA=="],

    "supports-color": ["supports-color@7.2.0", "https://registry.npmmirror.com/supports-color/-/supports-color-7.2.0.tgz", { "dependencies": { "has-flag": "^4.0.0" } }, "sha512-qpCAvRl9stuOHveKsn7HncJRvv501qIacKzQlO/+Lwxc9+0q2wLyv4Dfvt80/DPn2pqOBsJdDiogXGR9+OvwRw=="],

    "tar-stream": ["tar-stream@3.2.0", "https://registry.npmmirror.com/tar-stream/-/tar-stream-3.2.0.tgz", { "dependencies": { "b4a": "^1.6.4", "bare-fs": "^4.5.5", "fast-fifo": "^1.2.0", "streamx": "^2.15.0" } }, "sha512-ojzvCvVaNp6aOTFmG7jaRD0meowIAuPc3cMMhSgKiVWws1GyHbGd/xvnyuRKcKlMpt3qvxx6r0hreCNITP9hIg=="],

    "teex": ["teex@1.0.1", "https://registry.npmmirror.com/teex/-/teex-1.0.1.tgz", { "dependencies": { "streamx": "^2.12.5" } }, "sha512-eYE6iEI62Ni1H8oIa7KlDU6uQBtqr4Eajni3wX7rpfXD8ysFx8z0+dri+KWEPWpBsxXfxu58x/0jvTVT1ekOSg=="],

    "text-decoder": ["text-decoder@1.2.7", "https://registry.npmmirror.com/text-decoder/-/text-decoder-1.2.7.tgz", { "dependencies": { "b4a": "^1.6.4" } }, "sha512-vlLytXkeP4xvEq2otHeJfSQIRyWxo/oZGEbXrtEEF9Hnmrdly59sUbzZ/QgyWuLYHctCHxFF4tRQZNQ9k60ExQ=="],

    "token-types": ["token-types@6.1.2", "https://registry.npmmirror.com/token-types/-/token-types-6.1.2.tgz", { "dependencies": { "@borewit/text-codec": "^0.2.1", "@tokenizer/token": "^0.3.0", "ieee754": "^1.2.1" } }, "sha512-dRXchy+C0IgK8WPC6xvCHFRIWYUbqqdEIKPaKo/AcTUNzwLTK6AH7RjdLWsEZcAN/TBdtfUw3PYEgPr5VPr6ww=="],

    "tslib": ["tslib@2.8.1", "", {}, "sha512-oJFu94HQb+KVduSUQL7wnpmqnfmLsOA/nAh6b6EH0wCEoK0/mPeXU6c3wKDV83MkOuHPRHtSXKKU99IBazS/2w=="],

    "tunnel": ["tunnel@0.0.6", "https://registry.npmmirror.com/tunnel/-/tunnel-0.0.6.tgz", {}, "sha512-1h/Lnq9yajKY2PEbBadPXj3VxsDDu844OnaAo52UVmIzIvwwtBPIuNvkjuzBlTWpfJyUbG3ez0KSBibQkj4ojg=="],

    "typescript": ["typescript@7.0.2", "", { "optionalDependencies": { "@typescript/typescript-aix-ppc64": "7.0.2", "@typescript/typescript-darwin-arm64": "7.0.2", "@typescript/typescript-darwin-x64": "7.0.2", "@typescript/typescript-freebsd-arm64": "7.0.2", "@typescript/typescript-freebsd-x64": "7.0.2", "@typescript/typescript-linux-arm": "7.0.2", "@typescript/typescript-linux-arm64": "7.0.2", "@typescript/typescript-linux-loong64": "7.0.2", "@typescript/typescript-linux-mips64el": "7.0.2", "@typescript/typescript-linux-ppc64": "7.0.2", "@typescript/typescript-linux-riscv64": "7.0.2", "@typescript/typescript-linux-s390x": "7.0.2", "@typescript/typescript-linux-x64": "7.0.2", "@typescript/typescript-netbsd-arm64": "7.0.2", "@typescript/typescript-netbsd-x64": "7.0.2", "@typescript/typescript-openbsd-arm64": "7.0.2", "@typescript/typescript-openbsd-x64": "7.0.2", "@typescript/typescript-sunos-x64": "7.0.2", "@typescript/typescript-win32-arm64": "7.0.2", "@typescript/typescript-win32-x64": "7.0.2" }, "bin": { "tsc": "bin/tsc" } }, "sha512-8FYau96o3NKOhbjKi/qNvG/W5jhzxkbdm5sj9AbZ/5T5sWqn3hJgLfGx27sRKZWTvyzCP8dLRBTf5tBTSRVUNA=="],

    "uint8array-extras": ["uint8array-extras@1.5.0", "https://registry.npmmirror.com/uint8array-extras/-/uint8array-extras-1.5.0.tgz", {}, "sha512-rvKSBiC5zqCCiDZ9kAOszZcDvdAHwwIKJG33Ykj43OKcWsnmcBRL09YTU4nOeHZ8Y2a7l1MgTd08SBe9A8Qj6A=="],

    "undici-types": ["undici-types@7.19.2", "https://registry.npmmirror.com/undici-types/-/undici-types-7.19.2.tgz", {}, "sha512-qYVnV5OEm2AW8cJMCpdV20CDyaN3g0AjDlOGf1OW4iaDEx8MwdtChUp4zu4H0VP3nDRF/8RKWH+IPp9uW0YGZg=="],

    "universalify": ["universalify@2.0.1", "https://registry.npmmirror.com/universalify/-/universalify-2.0.1.tgz", {}, "sha512-gptHNQghINnc/vTGIk0SOFGFNXw7JVrlRUtConJRlvaw6DuX0wO5Jeko9sWrMBhh+PsYAZ7oXAiOnf/UKogyiw=="],

    "unzipper": ["unzipper@0.12.5", "", { "dependencies": { "bluebird": "~3.7.2", "duplexer2": "~0.1.4", "fs-extra": "11.3.1", "graceful-fs": "^4.2.2", "node-int64": "^0.4.0" } }, "sha512-tXYOi9R57Uj/2Z25SOs5RRSzq886MBQj2gY8dPL+xl/kv6s6SvByoKfAtvfVeEuhntWDgjd2o9p2lb4TVPAz0A=="],

    "url-join": ["url-join@5.0.0", "https://registry.npmmirror.com/url-join/-/url-join-5.0.0.tgz", {}, "sha512-n2huDr9h9yzd6exQVnH/jU5mr+Pfx08LRXXZhkLLetAMESRj+anQsTAh940iMrIetKAmry9coFuZQ2jY8/p3WA=="],

    "url-parse": ["url-parse@1.5.10", "https://registry.npmmirror.com/url-parse/-/url-parse-1.5.10.tgz", { "dependencies": { "querystringify": "^2.1.1", "requires-port": "^1.0.0" } }, "sha512-WypcfiRhfeUP9vvF0j6rw0J3hrWrw6iZv3+22h6iRMJ/8z1Tj6XfLP4DsUix5MhMPnXpiHDoKyoZ/bdCkwBCiQ=="],

    "util-deprecate": ["util-deprecate@1.0.2", "https://registry.npmmirror.com/util-deprecate/-/util-deprecate-1.0.2.tgz", {}, "sha512-EPD5q1uXyFxJpCrLnCc1nHnq3gOa6DZBocAIiI2TaSCA7VCJ1UJDMagCzIkXNsUYfD1daK//LTEQ8xiIbrHtcw=="],

    "vm2": ["vm2@3.12.1", "", { "dependencies": { "acorn": "^8.15.0", "acorn-walk": "^8.3.4" }, "bin": { "vm2": "bin/vm2" } }, "sha512-VMqg/4swWz7lkse95rxPlgtnb7WkHL2wfDtrgcNIaIjvpskjRmEmS+MKoItl4npwtW+u2Kalle4zarf3aEWjGQ=="],

    "web-streams-polyfill": ["web-streams-polyfill@3.3.3", "https://registry.npmmirror.com/web-streams-polyfill/-/web-streams-polyfill-3.3.3.tgz", {}, "sha512-d2JWLCivmZYTSIoge9MsgFCZrt571BikcWGYkjC1khllbTeDlGqZ2D8vD8E/lJa8WGWbb7Plm8/XJYV7IJHZZw=="],

    "webdav": ["webdav@5.10.0", "https://registry.npmmirror.com/webdav/-/webdav-5.10.0.tgz", { "dependencies": { "@buttercup/fetch": "^0.2.1", "base-64": "^1.0.0", "byte-length": "^1.0.2", "entities": "^6.0.1", "fast-xml-parser": "^5.7.2", "hot-patcher": "^2.0.1", "layerr": "^3.0.0", "md5": "^2.3.0", "minimatch": "^9.0.9", "nested-property": "^4.0.0", "node-fetch": "^3.3.2", "path-posix": "^1.0.0", "url-join": "^5.0.0", "url-parse": "^1.5.10" } }, "sha512-fVPuRLtcduVGvSO7Tn/6TQCzIvI/g6BO/+xPRctCvi/GytYpjn4czxWbh4HsArsdom9qz9BI63k9/v2HBUui1A=="],

    "wrappy": ["wrappy@1.0.2", "https://registry.npmmirror.com/wrappy/-/wrappy-1.0.2.tgz", {}, "sha512-l4Sp/DRseor9wL6EvV2+TuQn63dMkPjZ/sp9XkghTEbV9KlPS1xUsZ3u7/IQO4wxtcFB4bgpQPRcR3QCvezPcQ=="],

    "zip-stream": ["zip-stream@7.0.5", "", { "dependencies": { "compress-commons": "^7.0.0", "normalize-path": "^3.0.0", "readable-stream": "^4.0.0" } }, "sha512-dSvYKdvLsAHCDqPOhIwk/q5CvuWtTB3Dgpoe0uVEFjTzIOAmsQpprX25InCvrvJsirEbu1OHyy67n/kAj1Sw/w=="],

    "duplexer2/readable-stream": ["readable-stream@2.3.8", "", { "dependencies": { "core-util-is": "~1.0.0", "inherits": "~2.0.3", "isarray": "~1.0.0", "process-nextick-args": "~2.0.0", "safe-buffer": "~5.1.1", "string_decoder": "~1.1.1", "util-deprecate": "~1.0.1" } }, "sha512-8p0AUk4XODgIewSi0l8Epjs+EVnWiK7NoDIEGU0HhE7+ZyY8D1IMY7odu5lRrFXGg71L15KG8QrPmum45RTtdA=="],

    "lazystream/readable-stream": ["readable-stream@2.3.8", "", { "dependencies": { "core-util-is": "~1.0.0", "inherits": "~2.0.3", "isarray": "~1.0.0", "process-nextick-args": "~2.0.0", "safe-buffer": "~5.1.1", "string_decoder": "~1.1.1", "util-deprecate": "~1.0.1" } }, "sha512-8p0AUk4XODgIewSi0l8Epjs+EVnWiK7NoDIEGU0HhE7+ZyY8D1IMY7odu5lRrFXGg71L15KG8QrPmum45RTtdA=="],

    "minimatch/brace-expansion": ["brace-expansion@2.1.2", "", { "dependencies": { "balanced-match": "^1.0.0" } }, "sha512-w5JZcKgdhDOgOwm8H+KgbosopHMuGcl6qbulwjtz3SM7I7P3yW1eAjzMPLrIE+NQ9vjgANKHWeMHnrT0OXW1oA=="],

    "readdir-glob/minimatch": ["minimatch@10.2.5", "https://registry.npmmirror.com/minimatch/-/minimatch-10.2.5.tgz", { "dependencies": { "brace-expansion": "^5.0.5" } }, "sha512-MULkVLfKGYDFYejP07QOurDLLQpcjk7Fw+7jXS2R2czRQzR56yHRveU5NDJEOviH+hETZKSkIk5c+T23GjFUMg=="],

    "streamroller/fs-extra": ["fs-extra@8.1.0", "https://registry.npmmirror.com/fs-extra/-/fs-extra-8.1.0.tgz", { "dependencies": { "graceful-fs": "^4.2.0", "jsonfile": "^4.0.0", "universalify": "^0.1.0" } }, "sha512-yhlQgA6mnOJUKOsRUFsgJdQCvkKhcz8tlZG5HBQfReYZy46OwLcY+Zia0mtdHsOo9y/hP+CxMN0TU9QxoOtG4g=="],

    "string_decoder/safe-buffer": ["safe-buffer@5.2.1", "", {}, "sha512-rp3So07KcdmmKbGvgaNxQSJr7bGVSVk5S9Eq1F+ppbRo70+YeaDxkw5Dd8NPN+GD6bjnYm2VuPuCXmpuYvmCXQ=="],

    "duplexer2/readable-stream/string_decoder": ["string_decoder@1.1.1", "", { "dependencies": { "safe-buffer": "~5.1.0" } }, "sha512-n/ShnvDi6FHbbVfviro+WojiFzv+s8MPMHBczVePfUpDJLwoLT0ht1l4YwBCbi8pJAveEEdnkHyPyTP/mzRfwg=="],

    "lazystream/readable-stream/string_decoder": ["string_decoder@1.1.1", "", { "dependencies": { "safe-buffer": "~5.1.0" } }, "sha512-n/ShnvDi6FHbbVfviro+WojiFzv+s8MPMHBczVePfUpDJLwoLT0ht1l4YwBCbi8pJAveEEdnkHyPyTP/mzRfwg=="],

    "minimatch/brace-expansion/balanced-match": ["balanced-match@1.0.2", "https://registry.npmmirror.com/balanced-match/-/balanced-match-1.0.2.tgz", {}, "sha512-3oSeUO0TMV67hN1AmbXsK4yaqU7tjiHlbxRDZOpH0KW9+CeX4bRAaX0Anxt0tx2MrpRpWwQaPwIlISEJhYU5Pw=="],

    "streamroller/fs-extra/jsonfile": ["jsonfile@4.0.0", "https://registry.npmmirror.com/jsonfile/-/jsonfile-4.0.0.tgz", { "optionalDependencies": { "graceful-fs": "^4.1.6" } }, "sha512-m6F1R3z8jjlf2imQHS2Qez5sjKWQzbuuhuJ/FKYFRZvPE3PuHcSMVZzfsLhGVOkfd20obL5SWEBew5ShlquNxg=="],

    "streamroller/fs-extra/universalify": ["universalify@0.1.2", "https://registry.npmmirror.com/universalify/-/universalify-0.1.2.tgz", {}, "sha512-rBJeI5CXAlmy1pV+617WB9J63U6XcazHHF2f2dbJix4XzpUF0RS3Zbj0FGIOCAva5P/d/GBOYaACQ1w+0azUkg=="],
  }
}
